
Microsoft Visual Studio Solution File, Format Version 12.00
# Visual Studio Version 17
VisualStudioVersion = 17.14.36616.10
MinimumVisualStudioVersion = 10.0.40219.1
Project("{2150E333-8FDC-42A3-9474-1A3956D46DE8}") = "Modules", "Modules", "{02EA681E-C7D8-13C7-8484-4AC65E1B71E8}"
EndProject
Project("{2150E333-8FDC-42A3-9474-1A3956D46DE8}") = "Reservations", "Reservations", "{00EA65AB-734E-4AAC-8C2D-4141D6A7AEA5}"
EndProject
Project("{FAE04EC0-301F-11D3-BF4B-00C04F79EFBC}") = "BuildingBlocks", "src\BuildingBlocks\BuildingBlocks.csproj", "{2C59E140-58BE-2575-EFA6-5EEF08D86238}"
EndProject
Project("{FAE04EC0-301F-11D3-BF4B-00C04F79EFBC}") = "Domain", "src\Modules\Reservations\Domain\Domain.csproj", "{F9819A15-7472-73E6-8617-970AAE7DB4E7}"
EndProject
Project("{FAE04EC0-301F-11D3-BF4B-00C04F79EFBC}") = "Application", "src\Modules\Reservations\Application\Application.csproj", "{120C1EA5-8648-42D6-3DD5-36D0D4E0EF2A}"
EndProject
Project("{FAE04EC0-301F-11D3-BF4B-00C04F79EFBC}") = "Infrastructure", "src\Modules\Reservations\Infrastructure\Infrastructure.csproj", "{8CDD0B9B-2806-4AD1-996C-34C403148EAD}"
EndProject
Project("{FAE04EC0-301F-11D3-BF4B-00C04F79EFBC}") = "API", "src\Modules\Reservations\API\API.csproj", "{475CFD7A-F446-4786-A707-13CA42249DEA}"
EndProject
Project("{FAE04EC0-301F-11D3-BF4B-00C04F79EFBC}") = "Contracts", "src\Modules\Reservations\Contracts\Contracts.csproj", "{FD869E73-00F9-46BE-B148-27823C46DFBF}"
EndProject
Project("{2150E333-8FDC-42A3-9474-1A3956D46DE8}") = "tests", "tests", "{0AB3BF05-4346-4AA6-1389-037BE0695223}"
EndProject
Project("{FAE04EC0-301F-11D3-BF4B-00C04F79EFBC}") = "Reservations.UnitTests", "tests\Reservations.UnitTests\Reservations.UnitTests.csproj", "{A7DC0156-32F1-4CE0-A6BE-D7606B62DCCA}"
EndProject
Project("{2150E333-8FDC-42A3-9474-1A3956D46DE8}") = "src", "src", "{827E0CD3-B72D-47B6-A68D-7590B98EB39B}"
EndProject
Project("{2150E333-8FDC-42A3-9474-1A3956D46DE8}") = "Availability", "Availability", "{2A0F6CDD-A3C1-8C60-E2D3-6EB0067A2A64}"
EndProject
Project("{2150E333-8FDC-42A3-9474-1A3956D46DE8}") = "Pricing", "Pricing", "{F4B1C80B-854C-49B4-BD06-B435F07AB244}"
EndProject
Project("{2150E333-8FDC-42A3-9474-1A3956D46DE8}") = "Notifications", "Notifications", "{4D75F4E1-7A5F-45C1-8A65-A653AF509E8B}"
EndProject
Project("{2150E333-8FDC-42A3-9474-1A3956D46DE8}") = "Users", "Users", "{5AD53011-93DA-4A72-95CF-59A5804A9340}"
EndProject
Project("{2150E333-8FDC-42A3-9474-1A3956D46DE8}") = "Audit", "Audit", "{1831E0B3-2D09-4C12-A8E7-E91996227864}"
EndProject
Project("{FAE04EC0-301F-11D3-BF4B-00C04F79EFBC}") = "Availability.Domain", "src\Modules\Availability\Domain\Availability.Domain.csproj", "{A9DC36CE-1CE5-452C-A463-F4BC4A0FEA41}"
EndProject
Project("{FAE04EC0-301F-11D3-BF4B-00C04F79EFBC}") = "Availability.Application", "src\Modules\Availability\Application\Availability.Application.csproj", "{47CBA18C-70AD-4073-A761-7B91A72A535E}"
EndProject
Project("{FAE04EC0-301F-11D3-BF4B-00C04F79EFBC}") = "Availability.Infrastructure", "src\Modules\Availability\Infrastructure\Availability.Infrastructure.csproj", "{8716525A-222C-4864-9649-2E6A1D4D1EDC}"
EndProject
Project("{FAE04EC0-301F-11D3-BF4B-00C04F79EFBC}") = "Availability.Contracts", "src\Modules\Availability\Contracts\Availability.Contracts.csproj", "{C0BC5AC6-F0AB-4C7D-ADD6-B0F0C08F9B38}"
EndProject
Project("{FAE04EC0-301F-11D3-BF4B-00C04F79EFBC}") = "Availability.API", "src\Modules\Availability\API\Availability.API.csproj", "{65F4B1F2-06B0-4A07-8ABB-5CF72301DA87}"
EndProject
Project("{FAE04EC0-301F-11D3-BF4B-00C04F79EFBC}") = "Pricing.Domain", "src\Modules\Pricing\Domain\Pricing.Domain.csproj", "{932482C1-E599-4284-B370-166E3D739C3F}"
EndProject
Project("{FAE04EC0-301F-11D3-BF4B-00C04F79EFBC}") = "Pricing.Application", "src\Modules\Pricing\Application\Pricing.Application.csproj", "{F0D5E35E-06E9-4711-AED1-D1A9C3536156}"
EndProject
Project("{FAE04EC0-301F-11D3-BF4B-00C04F79EFBC}") = "Pricing.Infrastructure", "src\Modules\Pricing\Infrastructure\Pricing.Infrastructure.csproj", "{830B1AD6-1CCA-4AA2-871E-1AB0BC55B504}"
EndProject
Project("{FAE04EC0-301F-11D3-BF4B-00C04F79EFBC}") = "Pricing.Contracts", "src\Modules\Pricing\Contracts\Pricing.Contracts.csproj", "{467B8CA0-6935-4919-8E9A-07412FF21A77}"
EndProject
Project("{FAE04EC0-301F-11D3-BF4B-00C04F79EFBC}") = "Notifications.Application", "src\Modules\Notifications\Application\Notifications.Application.csproj", "{1A314089-172B-4AD8-8E60-2B9E1FE65AE6}"
EndProject
Project("{FAE04EC0-301F-11D3-BF4B-00C04F79EFBC}") = "Notifications.Infrastructure", "src\Modules\Notifications\Infrastructure\Notifications.Infrastructure.csproj", "{7A29A9D4-4D0D-488F-82CE-B715037B0760}"
EndProject
Project("{FAE04EC0-301F-11D3-BF4B-00C04F79EFBC}") = "Users.Domain", "src\Modules\Users\Domain\Users.Domain.csproj", "{13747D42-609E-466D-85F3-DA321BE98661}"
EndProject
Project("{FAE04EC0-301F-11D3-BF4B-00C04F79EFBC}") = "Users.Application", "src\Modules\Users\Application\Users.Application.csproj", "{57EC4D27-458F-41AA-8591-39D24664C84A}"
EndProject
Project("{FAE04EC0-301F-11D3-BF4B-00C04F79EFBC}") = "Users.Infrastructure", "src\Modules\Users\Infrastructure\Users.Infrastructure.csproj", "{01103086-CF31-4432-A998-29330944F9D2}"
EndProject
Project("{FAE04EC0-301F-11D3-BF4B-00C04F79EFBC}") = "Audit.Application", "src\Modules\Audit\Application\Audit.Application.csproj", "{89385223-7BBE-4AE1-B056-05ED1EA8F3EE}"
EndProject
Project("{FAE04EC0-301F-11D3-BF4B-00C04F79EFBC}") = "Audit.Infrastructure", "src\Modules\Audit\Infrastructure\Audit.Infrastructure.csproj", "{568011D2-4A50-4FA5-B69B-739915E08CC2}"
EndProject
Project("{FAE04EC0-301F-11D3-BF4B-00C04F79EFBC}") = "Reservations.IntegrationTests", "tests\Reservations.IntegrationTests\Reservations.IntegrationTests.csproj", "{BE0C75EC-27FF-4403-A8BB-1A3C5AF2559E}"
EndProject
Project("{FAE04EC0-301F-11D3-BF4B-00C04F79EFBC}") = "Architecture.Tests", "tests\Architecture.Tests\Architecture.Tests.csproj", "{43AB4352-C542-468A-808E-27E8CC1F29E1}"
EndProject
Project("{FAE04EC0-301F-11D3-BF4B-00C04F79EFBC}") = "EventHandling.Tests", "tests\EventHandling.Tests\EventHandling.Tests.csproj", "{8383ED3C-19D0-4653-A1A4-E86EE216386B}"
EndProject
Project("{FAE04EC0-301F-11D3-BF4B-00C04F79EFBC}") = "Availability.IntegrationTests", "tests\Availability.IntegrationTests\Availability.IntegrationTests.csproj", "{B183E5AF-2372-4528-B8C5-F843A1B6325C}"
EndProject
Global
	GlobalSection(SolutionConfigurationPlatforms) = preSolution
		Debug|Any CPU = Debug|Any CPU
		Debug|x64 = Debug|x64
		Debug|x86 = Debug|x86
		Release|Any CPU = Release|Any CPU
		Release|x64 = Release|x64
		Release|x86 = Release|x86
	EndGlobalSection
	GlobalSection(ProjectConfigurationPlatforms) = postSolution
		{2C59E140-58BE-2575-EFA6-5EEF08D86238}.Debug|Any CPU.ActiveCfg = Debug|Any CPU
		{2C59E140-58BE-2575-EFA6-5EEF08D86238}.Debug|Any CPU.Build.0 = Debug|Any CPU
		{2C59E140-58BE-2575-EFA6-5EEF08D86238}.Debug|x64.ActiveCfg = Debug|Any CPU
		{2C59E140-58BE-2575-EFA6-5EEF08D86238}.Debug|x64.Build.0 = Debug|Any CPU
		{2C59E140-58BE-2575-EFA6-5EEF08D86238}.Debug|x86.ActiveCfg = Debug|Any CPU
		{2C59E140-58BE-2575-EFA6-5EEF08D86238}.Debug|x86.Build.0 = Debug|Any CPU
		{2C59E140-58BE-2575-EFA6-5EEF08D86238}.Release|Any CPU.ActiveCfg = Release|Any CPU
		{2C59E140-58BE-2575-EFA6-5EEF08D86238}.Release|Any CPU.Build.0 = Release|Any CPU
		{2C59E140-58BE-2575-EFA6-5EEF08D86238}.Release|x64.ActiveCfg = Release|Any CPU
		{2C59E140-58BE-2575-EFA6-5EEF08D86238}.Release|x64.Build.0 = Release|Any CPU
		{2C59E140-58BE-2575-EFA6-5EEF08D86238}.Release|x86.ActiveCfg = Release|Any CPU
		{2C59E140-58BE-2575-EFA6-5EEF08D86238}.Release|x86.Build.0 = Release|Any CPU
		{F9819A15-7472-73E6-8617-970AAE7DB4E7}.Debug|Any CPU.ActiveCfg = Debug|Any CPU
		{F9819A15-7472-73E6-8617-970AAE7DB4E7}.Debug|Any CPU.Build.0 = Debug|Any CPU
		{F9819A15-7472-73E6-8617-970AAE7DB4E7}.Debug|x64.ActiveCfg = Debug|Any CPU
		{F9819A15-7472-73E6-8617-970AAE7DB4E7}.Debug|x64.Build.0 = Debug|Any CPU
		{F9819A15-7472-73E6-8617-970AAE7DB4E7}.Debug|x86.ActiveCfg = Debug|Any CPU
		{F9819A15-7472-73E6-8617-970AAE7DB4E7}.Debug|x86.Build.0 = Debug|Any CPU
		{F9819A15-7472-73E6-8617-970AAE7DB4E7}.Release|Any CPU.ActiveCfg = Release|Any CPU
		{F9819A15-7472-73E6-8617-970AAE7DB4E7}.Release|Any CPU.Build.0 = Release|Any CPU
		{F9819A15-7472-73E6-8617-970AAE7DB4E7}.Release|x64.ActiveCfg = Release|Any CPU
		{F9819A15-7472-73E6-8617-970AAE7DB4E7}.Release|x64.Build.0 = Release|Any CPU
		{F9819A15-7472-73E6-8617-970AAE7DB4E7}.Release|x86.ActiveCfg = Release|Any CPU
		{F9819A15-7472-73E6-8617-970AAE7DB4E7}.Release|x86.Build.0 = Release|Any CPU
		{120C1EA5-8648-42D6-3DD5-36D0D4E0EF2A}.Debug|Any CPU.ActiveCfg = Debug|Any CPU
		{120C1EA5-8648-42D6-3DD5-36D0D4E0EF2A}.Debug|Any CPU.Build.0 = Debug|Any CPU
		{120C1EA5-8648-42D6-3DD5-36D0D4E0EF2A}.Debug|x64.ActiveCfg = Debug|Any CPU
		{120C1EA5-8648-42D6-3DD5-36D0D4E0EF2A}.Debug|x64.Build.0 = Debug|Any CPU
		{120C1EA5-8648-42D6-3DD5-36D0D4E0EF2A}.Debug|x86.ActiveCfg = Debug|Any CPU
		{120C1EA5-8648-42D6-3DD5-36D0D4E0EF2A}.Debug|x86.Build.0 = Debug|Any CPU
		{120C1EA5-8648-42D6-3DD5-36D0D4E0EF2A}.Release|Any CPU.ActiveCfg = Release|Any CPU
		{120C1EA5-8648-42D6-3DD5-36D0D4E0EF2A}.Release|Any CPU.Build.0 = Release|Any CPU
		{120C1EA5-8648-42D6-3DD5-36D0D4E0EF2A}.Release|x64.ActiveCfg = Release|Any CPU
		{120C1EA5-8648-42D6-3DD5-36D0D4E0EF2A}.Release|x64.Build.0 = Release|Any CPU
		{120C1EA5-8648-42D6-3DD5-36D0D4E0EF2A}.Release|x86.ActiveCfg = Release|Any CPU
		{120C1EA5-8648-42D6-3DD5-36D0D4E0EF2A}.Release|x86.Build.0 = Release|Any CPU
		{8CDD0B9B-2806-4AD1-996C-34C403148EAD}.Debug|Any CPU.ActiveCfg = Debug|Any CPU
		{8CDD0B9B-2806-4AD1-996C-34C403148EAD}.Debug|Any CPU.Build.0 = Debug|Any CPU
		{8CDD0B9B-2806-4AD1-996C-34C403148EAD}.Debug|x64.ActiveCfg = Debug|Any CPU
		{8CDD0B9B-2806-4AD1-996C-34C403148EAD}.Debug|x64.Build.0 = Debug|Any CPU
		{8CDD0B9B-2806-4AD1-996C-34C403148EAD}.Debug|x86.ActiveCfg = Debug|Any CPU
		{8CDD0B9B-2806-4AD1-996C-34C403148EAD}.Debug|x86.Build.0 = Debug|Any CPU
		{8CDD0B9B-2806-4AD1-996C-34C403148EAD}.Release|Any CPU.ActiveCfg = Release|Any CPU
		{8CDD0B9B-2806-4AD1-996C-34C403148EAD}.Release|Any CPU.Build.0 = Release|Any CPU
		{8CDD0B9B-2806-4AD1-996C-34C403148EAD}.Release|x64.ActiveCfg = Release|Any CPU
		{8CDD0B9B-2806-4AD1-996C-34C403148EAD}.Release|x64.Build.0 = Release|Any CPU
		{8CDD0B9B-2806-4AD1-996C-34C403148EAD}.Release|x86.ActiveCfg = Release|Any CPU
		{8CDD0B9B-2806-4AD1-996C-34C403148EAD}.Release|x86.Build.0 = Release|Any CPU
		{475CFD7A-F446-4786-A707-13CA42249DEA}.Debug|Any CPU.ActiveCfg = Debug|Any CPU
		{475CFD7A-F446-4786-A707-13CA42249DEA}.Debug|Any CPU.Build.0 = Debug|Any CPU
		{475CFD7A-F446-4786-A707-13CA42249DEA}.Debug|x64.ActiveCfg = Debug|Any CPU
		{475CFD7A-F446-4786-A707-13CA42249DEA}.Debug|x64.Build.0 = Debug|Any CPU
		{475CFD7A-F446-4786-A707-13CA42249DEA}.Debug|x86.ActiveCfg = Debug|Any CPU
		{475CFD7A-F446-4786-A707-13CA42249DEA}.Debug|x86.Build.0 = Debug|Any CPU
		{475CFD7A-F446-4786-A707-13CA42249DEA}.Release|Any CPU.ActiveCfg = Release|Any CPU
		{475CFD7A-F446-4786-A707-13CA42249DEA}.Release|Any CPU.Build.0 = Release|Any CPU
		{475CFD7A-F446-4786-A707-13CA42249DEA}.Release|x64.ActiveCfg = Release|Any CPU
		{475CFD7A-F446-4786-A707-13CA42249DEA}.Release|x64.Build.0 = Release|Any CPU
		{475CFD7A-F446-4786-A707-13CA42249DEA}.Release|x86.ActiveCfg = Release|Any CPU
		{475CFD7A-F446-4786-A707-13CA42249DEA}.Release|x86.Build.0 = Release|Any CPU
		{FD869E73-00F9-46BE-B148-27823C46DFBF}.Debug|Any CPU.ActiveCfg = Debug|Any CPU
		{FD869E73-00F9-46BE-B148-27823C46DFBF}.Debug|Any CPU.Build.0 = Debug|Any CPU
		{FD869E73-00F9-46BE-B148-27823C46DFBF}.Debug|x64.ActiveCfg = Debug|Any CPU
		{FD869E73-00F9-46BE-B148-27823C46DFBF}.Debug|x64.Build.0 = Debug|Any CPU
		{FD869E73-00F9-46BE-B148-27823C46DFBF}.Debug|x86.ActiveCfg = Debug|Any CPU
		{FD869E73-00F9-46BE-B148-27823C46DFBF}.Debug|x86.Build.0 = Debug|Any CPU
		{FD869E73-00F9-46BE-B148-27823C46DFBF}.Release|Any CPU.ActiveCfg = Release|Any CPU
		{FD869E73-00F9-46BE-B148-27823C46DFBF}.Release|Any CPU.Build.0 = Release|Any CPU
		{FD869E73-00F9-46BE-B148-27823C46DFBF}.Release|x64.ActiveCfg = Release|Any CPU
		{FD869E73-00F9-46BE-B148-27823C46DFBF}.Release|x64.Build.0 = Release|Any CPU
		{FD869E73-00F9-46BE-B148-27823C46DFBF}.Release|x86.ActiveCfg = Release|Any CPU
		{FD869E73-00F9-46BE-B148-27823C46DFBF}.Release|x86.Build.0 = Release|Any CPU
		{A7DC0156-32F1-4CE0-A6BE-D7606B62DCCA}.Debug|Any CPU.ActiveCfg = Debug|Any CPU
		{A7DC0156-32F1-4CE0-A6BE-D7606B62DCCA}.Debug|Any CPU.Build.0 = Debug|Any CPU
		{A7DC0156-32F1-4CE0-A6BE-D7606B62DCCA}.Debug|x64.ActiveCfg = Debug|Any CPU
		{A7DC0156-32F1-4CE0-A6BE-D7606B62DCCA}.Debug|x64.Build.0 = Debug|Any CPU
		{A7DC0156-32F1-4CE0-A6BE-D7606B62DCCA}.Debug|x86.ActiveCfg = Debug|Any CPU
		{A7DC0156-32F1-4CE0-A6BE-D7606B62DCCA}.Debug|x86.Build.0 = Debug|Any CPU
		{A7DC0156-32F1-4CE0-A6BE-D7606B62DCCA}.Release|Any CPU.ActiveCfg = Release|Any CPU
		{A7DC0156-32F1-4CE0-A6BE-D7606B62DCCA}.Release|Any CPU.Build.0 = Release|Any CPU
		{A7DC0156-32F1-4CE0-A6BE-D7606B62DCCA}.Release|x64.ActiveCfg = Release|Any CPU
		{A7DC0156-32F1-4CE0-A6BE-D7606B62DCCA}.Release|x64.Build.0 = Release|Any CPU
		{A7DC0156-32F1-4CE0-A6BE-D7606B62DCCA}.Release|x86.ActiveCfg = Release|Any CPU
		{A7DC0156-32F1-4CE0-A6BE-D7606B62DCCA}.Release|x86.Build.0 = Release|Any CPU
		{A9DC36CE-1CE5-452C-A463-F4BC4A0FEA41}.Debug|Any CPU.ActiveCfg = Debug|Any CPU
		{A9DC36CE-1CE5-452C-A463-F4BC4A0FEA41}.Debug|Any CPU.Build.0 = Debug|Any CPU
		{A9DC36CE-1CE5-452C-A463-F4BC4A0FEA41}.Debug|x64.ActiveCfg = Debug|Any CPU
		{A9DC36CE-1CE5-452C-A463-F4BC4A0FEA41}.Debug|x64.Build.0 = Debug|Any CPU
		{A9DC36CE-1CE5-452C-A463-F4BC4A0FEA41}.Debug|x86.ActiveCfg = Debug|Any CPU
		{A9DC36CE-1CE5-452C-A463-F4BC4A0FEA41}.Debug|x86.Build.0 = Debug|Any CPU
		{A9DC36CE-1CE5-452C-A463-F4BC4A0FEA41}.Release|Any CPU.ActiveCfg = Release|Any CPU
		{A9DC36CE-1CE5-452C-A463-F4BC4A0FEA41}.Release|Any CPU.Build.0 = Release|Any CPU
		{A9DC36CE-1CE5-452C-A463-F4BC4A0FEA41}.Release|x64.ActiveCfg = Release|Any CPU
		{A9DC36CE-1CE5-452C-A463-F4BC4A0FEA41}.Release|x64.Build.0 = Release|Any CPU
		{A9DC36CE-1CE5-452C-A463-F4BC4A0FEA41}.Release|x86.ActiveCfg = Release|Any CPU
		{A9DC36CE-1CE5-452C-A463-F4BC4A0FEA41}.Release|x86.Build.0 = Release|Any CPU
		{47CBA18C-70AD-4073-A761-7B91A72A535E}.Debug|Any CPU.ActiveCfg = Debug|Any CPU
		{47CBA18C-70AD-4073-A761-7B91A72A535E}.Debug|Any CPU.Build.0 = Debug|Any CPU
		{47CBA18C-70AD-4073-A761-7B91A72A535E}.Debug|x64.ActiveCfg = Debug|Any CPU
		{47CBA18C-70AD-4073-A761-7B91A72A535E}.Debug|x64.Build.0 = Debug|Any CPU
		{47CBA18C-70AD-4073-A761-7B91A72A535E}.Debug|x86.ActiveCfg = Debug|Any CPU
		{47CBA18C-70AD-4073-A761-7B91A72A535E}.Debug|x86.Build.0 = Debug|Any CPU
		{47CBA18C-70AD-4073-A761-7B91A72A535E}.Release|Any CPU.ActiveCfg = Release|Any CPU
		{47CBA18C-70AD-4073-A761-7B91A72A535E}.Release|Any CPU.Build.0 = Release|Any CPU
		{47CBA18C-70AD-4073-A761-7B91A72A535E}.Release|x64.ActiveCfg = Release|Any CPU
		{47CBA18C-70AD-4073-A761-7B91A72A535E}.Release|x64.Build.0 = Release|Any CPU
		{47CBA18C-70AD-4073-A761-7B91A72A535E}.Release|x86.ActiveCfg = Release|Any CPU
		{47CBA18C-70AD-4073-A761-7B91A72A535E}.Release|x86.Build.0 = Release|Any CPU
		{8716525A-222C-4864-9649-2E6A1D4D1EDC}.Debug|Any CPU.ActiveCfg = Debug|Any CPU
		{8716525A-222C-4864-9649-2E6A1D4D1EDC}.Debug|Any CPU.Build.0 = Debug|Any CPU
		{8716525A-222C-4864-9649-2E6A1D4D1EDC}.Debug|x64.ActiveCfg = Debug|Any CPU
		{8716525A-222C-4864-9649-2E6A1D4D1EDC}.Debug|x64.Build.0 = Debug|Any CPU
		{8716525A-222C-4864-9649-2E6A1D4D1EDC}.Debug|x86.ActiveCfg = Debug|Any CPU
		{8716525A-222C-4864-9649-2E6A1D4D1EDC}.Debug|x86.Build.0 = Debug|Any CPU
		{8716525A-222C-4864-9649-2E6A1D4D1EDC}.Release|Any CPU.ActiveCfg = Release|Any CPU
		{8716525A-222C-4864-9649-2E6A1D4D1EDC}.Release|Any CPU.Build.0 = Release|Any CPU
		{8716525A-222C-4864-9649-2E6A1D4D1EDC}.Release|x64.ActiveCfg = Release|Any CPU
		{8716525A-222C-4864-9649-2E6A1D4D1EDC}.Release|x64.Build.0 = Release|Any CPU
		{8716525A-222C-4864-9649-2E6A1D4D1EDC}.Release|x86.ActiveCfg = Release|Any CPU
		{8716525A-222C-4864-9649-2E6A1D4D1EDC}.Release|x86.Build.0 = Release|Any CPU
		{C0BC5AC6-F0AB-4C7D-ADD6-B0F0C08F9B38}.Debug|Any CPU.ActiveCfg = Debug|Any CPU
		{C0BC5AC6-F0AB-4C7D-ADD6-B0F0C08F9B38}.Debug|Any CPU.Build.0 = Debug|Any CPU
		{C0BC5AC6-F0AB-4C7D-ADD6-B0F0C08F9B38}.Debug|x64.ActiveCfg = Debug|Any CPU
		{C0BC5AC6-F0AB-4C7D-ADD6-B0F0C08F9B38}.Debug|x64.Build.0 = Debug|Any CPU
		{C0BC5AC6-F0AB-4C7D-ADD6-B0F0C08F9B38}.Debug|x86.ActiveCfg = Debug|Any CPU
		{C0BC5AC6-F0AB-4C7D-ADD6-B0F0C08F9B38}.Debug|x86.Build.0 = Debug|Any CPU
		{C0BC5AC6-F0AB-4C7D-ADD6-B0F0C08F9B38}.Release|Any CPU.ActiveCfg = Release|Any CPU
		{C0BC5AC6-F0AB-4C7D-ADD6-B0F0C08F9B38}.Release|Any CPU.Build.0 = Release|Any CPU
		{C0BC5AC6-F0AB-4C7D-ADD6-B0F0C08F9B38}.Release|x64.ActiveCfg = Release|Any CPU
		{C0BC5AC6-F0AB-4C7D-ADD6-B0F0C08F9B38}.Release|x64.Build.0 = Release|Any CPU
		{C0BC5AC6-F0AB-4C7D-ADD6-B0F0C08F9B38}.Release|x86.ActiveCfg = Release|Any CPU
		{C0BC5AC6-F0AB-4C7D-ADD6-B0F0C08F9B38}.Release|x86.Build.0 = Release|Any CPU
		{65F4B1F2-06B0-4A07-8ABB-5CF72301DA87}.Debug|Any CPU.ActiveCfg = Debug|Any CPU
		{65F4B1F2-06B0-4A07-8ABB-5CF72301DA87}.Debug|Any CPU.Build.0 = Debug|Any CPU
		{65F4B1F2-06B0-4A07-8ABB-5CF72301DA87}.Debug|x64.ActiveCfg = Debug|Any CPU
		{65F4B1F2-06B0-4A07-8ABB-5CF72301DA87}.Debug|x64.Build.0 = Debug|Any CPU
		{65F4B1F2-06B0-4A07-8ABB-5CF72301DA87}.Debug|x86.ActiveCfg = Debug|Any CPU
		{65F4B1F2-06B0-4A07-8ABB-5CF72301DA87}.Debug|x86.Build.0 = Debug|Any CPU
		{65F4B1F2-06B0-4A07-8ABB-5CF72301DA87}.Release|Any CPU.ActiveCfg = Release|Any CPU
		{65F4B1F2-06B0-4A07-8ABB-5CF72301DA87}.Release|Any CPU.Build.0 = Release|Any CPU
		{65F4B1F2-06B0-4A07-8ABB-5CF72301DA87}.Release|x64.ActiveCfg = Release|Any CPU
		{65F4B1F2-06B0-4A07-8ABB-5CF72301DA87}.Release|x64.Build.0 = Release|Any CPU
		{65F4B1F2-06B0-4A07-8ABB-5CF72301DA87}.Release|x86.ActiveCfg = Release|Any CPU
		{65F4B1F2-06B0-4A07-8ABB-5CF72301DA87}.Release|x86.Build.0 = Release|Any CPU
		{932482C1-E599-4284-B370-166E3D739C3F}.Debug|Any CPU.ActiveCfg = Debug|Any CPU
		{932482C1-E599-4284-B370-166E3D739C3F}.Debug|Any CPU.Build.0 = Debug|Any CPU
		{932482C1-E599-4284-B370-166E3D739C3F}.Debug|x64.ActiveCfg = Debug|Any CPU
		{932482C1-E599-4284-B370-166E3D739C3F}.Debug|x64.Build.0 = Debug|Any CPU
		{932482C1-E599-4284-B370-166E3D739C3F}.Debug|x86.ActiveCfg = Debug|Any CPU
		{932482C1-E599-4284-B370-166E3D739C3F}.Debug|x86.Build.0 = Debug|Any CPU
		{932482C1-E599-4284-B370-166E3D739C3F}.Release|Any CPU.ActiveCfg = Release|Any CPU
		{932482C1-E599-4284-B370-166E3D739C3F}.Release|Any CPU.Build.0 = Release|Any CPU
		{932482C1-E599-4284-B370-166E3D739C3F}.Release|x64.ActiveCfg = Release|Any CPU
		{932482C1-E599-4284-B370-166E3D739C3F}.Release|x64.Build.0 = Release|Any CPU
		{932482C1-E599-4284-B370-166E3D739C3F}.Release|x86.ActiveCfg = Release|Any CPU
		{932482C1-E599-4284-B370-166E3D739C3F}.Release|x86.Build.0 = Release|Any CPU
		{F0D5E35E-06E9-4711-AED1-D1A9C3536156}.Debug|Any CPU.ActiveCfg = Debug|Any CPU
		{F0D5E35E-06E9-4711-AED1-D1A9C3536156}.Debug|Any CPU.Build.0 = Debug|Any CPU
		{F0D5E35E-06E9-4711-AED1-D1A9C3536156}.Debug|x64.ActiveCfg = Debug|Any CPU
		{F0D5E35E-06E9-4711-AED1-D1A9C3536156}.Debug|x64.Build.0 = Debug|Any CPU
		{F0D5E35E-06E9-4711-AED1-D1A9C3536156}.Debug|x86.ActiveCfg = Debug|Any CPU
		{F0D5E35E-06E9-4711-AED1-D1A9C3536156}.Debug|x86.Build.0 = Debug|Any CPU
		{F0D5E35E-06E9-4711-AED1-D1A9C3536156}.Release|Any CPU.ActiveCfg = Release|Any CPU
		{F0D5E35E-06E9-4711-AED1-D1A9C3536156}.Release|Any CPU.Build.0 = Release|Any CPU
		{F0D5E35E-06E9-4711-AED1-D1A9C3536156}.Release|x64.ActiveCfg = Release|Any CPU
		{F0D5E35E-06E9-4711-AED1-D1A9C3536156}.Release|x64.Build.0 = Release|Any CPU
		{F0D5E35E-06E9-4711-AED1-D1A9C3536156}.Release|x86.ActiveCfg = Release|Any CPU
		{F0D5E35E-06E9-4711-AED1-D1A9C3536156}.Release|x86.Build.0 = Release|Any CPU
		{830B1AD6-1CCA-4AA2-871E-1AB0BC55B504}.Debug|Any CPU.ActiveCfg = Debug|Any CPU
		{830B1AD6-1CCA-4AA2-871E-1AB0BC55B504}.Debug|Any CPU.Build.0 = Debug|Any CPU
		{830B1AD6-1CCA-4AA2-871E-1AB0BC55B504}.Debug|x64.ActiveCfg = Debug|Any CPU
		{830B1AD6-1CCA-4AA2-871E-1AB0BC55B504}.Debug|x64.Build.0 = Debug|Any CPU
		{830B1AD6-1CCA-4AA2-871E-1AB0BC55B504}.Debug|x86.ActiveCfg = Debug|Any CPU
		{830B1AD6-1CCA-4AA2-871E-1AB0BC55B504}.Debug|x86.Build.0 = Debug|Any CPU
		{830B1AD6-1CCA-4AA2-871E-1AB0BC55B504}.Release|Any CPU.ActiveCfg = Release|Any CPU
		{830B1AD6-1CCA-4AA2-871E-1AB0BC55B504}.Release|Any CPU.Build.0 = Release|Any CPU
		{830B1AD6-1CCA-4AA2-871E-1AB0BC55B504}.Release|x64.ActiveCfg = Release|Any CPU
		{830B1AD6-1CCA-4AA2-871E-1AB0BC55B504}.Release|x64.Build.0 = Release|Any CPU
		{830B1AD6-1CCA-4AA2-871E-1AB0BC55B504}.Release|x86.ActiveCfg = Release|Any CPU
		{830B1AD6-1CCA-4AA2-871E-1AB0BC55B504}.Release|x86.Build.0 = Release|Any CPU
		{467B8CA0-6935-4919-8E9A-07412FF21A77}.Debug|Any CPU.ActiveCfg = Debug|Any CPU
		{467B8CA0-6935-4919-8E9A-07412FF21A77}.Debug|Any CPU.Build.0 = Debug|Any CPU
		{467B8CA0-6935-4919-8E9A-07412FF21A77}.Debug|x64.ActiveCfg = Debug|Any CPU
		{467B8CA0-6935-4919-8E9A-07412FF21A77}.Debug|x64.Build.0 = Debug|Any CPU
		{467B8CA0-6935-4919-8E9A-07412FF21A77}.Debug|x86.ActiveCfg = Debug|Any CPU
		{467B8CA0-6935-4919-8E9A-07412FF21A77}.Debug|x86.Build.0 = Debug|Any CPU
		{467B8CA0-6935-4919-8E9A-07412FF21A77}.Release|Any CPU.ActiveCfg = Release|Any CPU
		{467B8CA0-6935-4919-8E9A-07412FF21A77}.Release|Any CPU.Build.0 = Release|Any CPU
		{467B8CA0-6935-4919-8E9A-07412FF21A77}.Release|x64.ActiveCfg = Release|Any CPU
		{467B8CA0-6935-4919-8E9A-07412FF21A77}.Release|x64.Build.0 = Release|Any CPU
		{467B8CA0-6935-4919-8E9A-07412FF21A77}.Release|x86.ActiveCfg = Release|Any CPU
		{467B8CA0-6935-4919-8E9A-07412FF21A77}.Release|x86.Build.0 = Release|Any CPU
		{1A314089-172B-4AD8-8E60-2B9E1FE65AE6}.Debug|Any CPU.ActiveCfg = Debug|Any CPU
		{1A314089-172B-4AD8-8E60-2B9E1FE65AE6}.Debug|Any CPU.Build.0 = Debug|Any CPU
		{1A314089-172B-4AD8-8E60-2B9E1FE65AE6}.Debug|x64.ActiveCfg = Debug|Any CPU
		{1A314089-172B-4AD8-8E60-2B9E1FE65AE6}.Debug|x64.Build.0 = Debug|Any CPU
		{1A314089-172B-4AD8-8E60-2B9E1FE65AE6}.Debug|x86.ActiveCfg = Debug|Any CPU
		{1A314089-172B-4AD8-8E60-2B9E1FE65AE6}.Debug|x86.Build.0 = Debug|Any CPU
		{1A314089-172B-4AD8-8E60-2B9E1FE65AE6}.Release|Any CPU.ActiveCfg = Release|Any CPU
		{1A314089-172B-4AD8-8E60-2B9E1FE65AE6}.Release|Any CPU.Build.0 = Release|Any CPU
		{1A314089-172B-4AD8-8E60-2B9E1FE65AE6}.Release|x64.ActiveCfg = Release|Any CPU
		{1A314089-172B-4AD8-8E60-2B9E1FE65AE6}.Release|x64.Build.0 = Release|Any CPU
		{1A314089-172B-4AD8-8E60-2B9E1FE65AE6}.Release|x86.ActiveCfg = Release|Any CPU
		{1A314089-172B-4AD8-8E60-2B9E1FE65AE6}.Release|x86.Build.0 = Release|Any CPU
		{7A29A9D4-4D0D-488F-82CE-B715037B0760}.Debug|Any CPU.ActiveCfg = Debug|Any CPU
		{7A29A9D4-4D0D-488F-82CE-B715037B0760}.Debug|Any CPU.Build.0 = Debug|Any CPU
		{7A29A9D4-4D0D-488F-82CE-B715037B0760}.Debug|x64.ActiveCfg = Debug|Any CPU
		{7A29A9D4-4D0D-488F-82CE-B715037B0760}.Debug|x64.Build.0 = Debug|Any CPU
		{7A29A9D4-4D0D-488F-82CE-B715037B0760}.Debug|x86.ActiveCfg = Debug|Any CPU
		{7A29A9D4-4D0D-488F-82CE-B715037B0760}.Debug|x86.Build.0 = Debug|Any CPU
		{7A29A9D4-4D0D-488F-82CE-B715037B0760}.Release|Any CPU.ActiveCfg = Release|Any CPU
		{7A29A9D4-4D0D-488F-82CE-B715037B0760}.Release|Any CPU.Build.0 = Release|Any CPU
		{7A29A9D4-4D0D-488F-82CE-B715037B0760}.Release|x64.ActiveCfg = Release|Any CPU
		{7A29A9D4-4D0D-488F-82CE-B715037B0760}.Release|x64.Build.0 = Release|Any CPU
		{7A29A9D4-4D0D-488F-82CE-B715037B0760}.Release|x86.ActiveCfg = Release|Any CPU
		{7A29A9D4-4D0D-488F-82CE-B715037B0760}.Release|x86.Build.0 = Release|Any CPU
		{13747D42-609E-466D-85F3-DA321BE98661}.Debug|Any CPU.ActiveCfg = Debug|Any CPU
		{13747D42-609E-466D-85F3-DA321BE98661}.Debug|Any CPU.Build.0 = Debug|Any CPU
		{13747D42-609E-466D-85F3-DA321BE98661}.Debug|x64.ActiveCfg = Debug|Any CPU
		{13747D42-609E-466D-85F3-DA321BE98661}.Debug|x64.Build.0 = Debug|Any CPU
		{13747D42-609E-466D-85F3-DA321BE98661}.Debug|x86.ActiveCfg = Debug|Any CPU
		{13747D42-609E-466D-85F3-DA321BE98661}.Debug|x86.Build.0 = Debug|Any CPU
		{13747D42-609E-466D-85F3-DA321BE98661}.Release|Any CPU.ActiveCfg = Release|Any CPU
		{13747D42-609E-466D-85F3-DA321BE98661}.Release|Any CPU.Build.0 = Release|Any CPU
		{13747D42-609E-466D-85F3-DA321BE98661}.Release|x64.ActiveCfg = Release|Any CPU
		{13747D42-609E-466D-85F3-DA321BE98661}.Release|x64.Build.0 = Release|Any CPU
		{13747D42-609E-466D-85F3-DA321BE98661}.Release|x86.ActiveCfg = Release|Any CPU
		{13747D42-609E-466D-85F3-DA321BE98661}.Release|x86.Build.0 = Release|Any CPU
		{57EC4D27-458F-41AA-8591-39D24664C84A}.Debug|Any CPU.ActiveCfg = Debug|Any CPU
		{57EC4D27-458F-41AA-8591-39D24664C84A}.Debug|Any CPU.Build.0 = Debug|Any CPU
		{57EC4D27-458F-41AA-8591-39D24664C84A}.Debug|x64.ActiveCfg = Debug|Any CPU
		{57EC4D27-458F-41AA-8591-39D24664C84A}.Debug|x64.Build.0 = Debug|Any CPU
		{57EC4D27-458F-41AA-8591-39D24664C84A}.Debug|x86.ActiveCfg = Debug|Any CPU
		{57EC4D27-458F-41AA-8591-39D24664C84A}.Debug|x86.Build.0 = Debug|Any CPU
		{57EC4D27-458F-41AA-8591-39D24664C84A}.Release|Any CPU.ActiveCfg = Release|Any CPU
		{57EC4D27-458F-41AA-8591-39D24664C84A}.Release|Any CPU.Build.0 = Release|Any CPU
		{57EC4D27-458F-41AA-8591-39D24664C84A}.Release|x64.ActiveCfg = Release|Any CPU
		{57EC4D27-458F-41AA-8591-39D24664C84A}.Release|x64.Build.0 = Release|Any CPU
		{57EC4D27-458F-41AA-8591-39D24664C84A}.Release|x86.ActiveCfg = Release|Any CPU
		{57EC4D27-458F-41AA-8591-39D24664C84A}.Release|x86.Build.0 = Release|Any CPU
		{01103086-CF31-4432-A998-29330944F9D2}.Debug|Any CPU.ActiveCfg = Debug|Any CPU
		{01103086-CF31-4432-A998-29330944F9D2}.Debug|Any CPU.Build.0 = Debug|Any CPU
		{01103086-CF31-4432-A998-29330944F9D2}.Debug|x64.ActiveCfg = Debug|Any CPU
		{01103086-CF31-4432-A998-29330944F9D2}.Debug|x64.Build.0 = Debug|Any CPU
		{01103086-CF31-4432-A998-29330944F9D2}.Debug|x86.ActiveCfg = Debug|Any CPU
		{01103086-CF31-4432-A998-29330944F9D2}.Debug|x86.Build.0 = Debug|Any CPU
		{01103086-CF31-4432-A998-29330944F9D2}.Release|Any CPU.ActiveCfg = Release|Any CPU
		{01103086-CF31-4432-A998-29330944F9D2}.Release|Any CPU.Build.0 = Release|Any CPU
		{01103086-CF31-4432-A998-29330944F9D2}.Release|x64.ActiveCfg = Release|Any CPU
		{01103086-CF31-4432-A998-29330944F9D2}.Release|x64.Build.0 = Release|Any CPU
		{01103086-CF31-4432-A998-29330944F9D2}.Release|x86.ActiveCfg = Release|Any CPU
		{01103086-CF31-4432-A998-29330944F9D2}.Release|x86.Build.0 = Release|Any CPU
		{89385223-7BBE-4AE1-B056-05ED1EA8F3EE}.Debug|Any CPU.ActiveCfg = Debug|Any CPU
		{89385223-7BBE-4AE1-B056-05ED1EA8F3EE}.Debug|Any CPU.Build.0 = Debug|Any CPU
		{89385223-7BBE-4AE1-B056-05ED1EA8F3EE}.Debug|x64.ActiveCfg = Debug|Any CPU
		{89385223-7BBE-4AE1-B056-05ED1EA8F3EE}.Debug|x64.Build.0 = Debug|Any CPU
		{89385223-7BBE-4AE1-B056-05ED1EA8F3EE}.Debug|x86.ActiveCfg = Debug|Any CPU
		{89385223-7BBE-4AE1-B056-05ED1EA8F3EE}.Debug|x86.Build.0 = Debug|Any CPU
		{89385223-7BBE-4AE1-B056-05ED1EA8F3EE}.Release|Any CPU.ActiveCfg = Release|Any CPU
		{89385223-7BBE-4AE1-B056-05ED1EA8F3EE}.Release|Any CPU.Build.0 = Release|Any CPU
		{89385223-7BBE-4AE1-B056-05ED1EA8F3EE}.Release|x64.ActiveCfg = Release|Any CPU
		{89385223-7BBE-4AE1-B056-05ED1EA8F3EE}.Release|x64.Build.0 = Release|Any CPU
		{89385223-7BBE-4AE1-B056-05ED1EA8F3EE}.Release|x86.ActiveCfg = Release|Any CPU
		{89385223-7BBE-4AE1-B056-05ED1EA8F3EE}.Release|x86.Build.0 = Release|Any CPU
		{568011D2-4A50-4FA5-B69B-739915E08CC2}.Debug|Any CPU.ActiveCfg = Debug|Any CPU
		{568011D2-4A50-4FA5-B69B-739915E08CC2}.Debug|Any CPU.Build.0 = Debug|Any CPU
		{568011D2-4A50-4FA5-B69B-739915E08CC2}.Debug|x64.ActiveCfg = Debug|Any CPU
		{568011D2-4A50-4FA5-B69B-739915E08CC2}.Debug|x64.Build.0 = Debug|Any CPU
		{568011D2-4A50-4FA5-B69B-739915E08CC2}.Debug|x86.ActiveCfg = Debug|Any CPU
		{568011D2-4A50-4FA5-B69B-739915E08CC2}.Debug|x86.Build.0 = Debug|Any CPU
		{568011D2-4A50-4FA5-B69B-739915E08CC2}.Release|Any CPU.ActiveCfg = Release|Any CPU
		{568011D2-4A50-4FA5-B69B-739915E08CC2}.Release|Any CPU.Build.0 = Release|Any CPU
		{568011D2-4A50-4FA5-B69B-739915E08CC2}.Release|x64.ActiveCfg = Release|Any CPU
		{568011D2-4A50-4FA5-B69B-739915E08CC2}.Release|x64.Build.0 = Release|Any CPU
		{568011D2-4A50-4FA5-B69B-739915E08CC2}.Release|x86.ActiveCfg = Release|Any CPU
		{568011D2-4A50-4FA5-B69B-739915E08CC2}.Release|x86.Build.0 = Release|Any CPU
		{BE0C75EC-27FF-4403-A8BB-1A3C5AF2559E}.Debug|Any CPU.ActiveCfg = Debug|Any CPU
		{BE0C75EC-27FF-4403-A8BB-1A3C5AF2559E}.Debug|Any CPU.Build.0 = Debug|Any CPU
		{BE0C75EC-27FF-4403-A8BB-1A3C5AF2559E}.Debug|x64.ActiveCfg = Debug|Any CPU
		{BE0C75EC-27FF-4403-A8BB-1A3C5AF2559E}.Debug|x64.Build.0 = Debug|Any CPU
		{BE0C75EC-27FF-4403-A8BB-1A3C5AF2559E}.Debug|x86.ActiveCfg = Debug|Any CPU
		{BE0C75EC-27FF-4403-A8BB-1A3C5AF2559E}.Debug|x86.Build.0 = Debug|Any CPU
		{BE0C75EC-27FF-4403-A8BB-1A3C5AF2559E}.Release|Any CPU.ActiveCfg = Release|Any CPU
		{BE0C75EC-27FF-4403-A8BB-1A3C5AF2559E}.Release|Any CPU.Build.0 = Release|Any CPU
		{BE0C75EC-27FF-4403-A8BB-1A3C5AF2559E}.Release|x64.ActiveCfg = Release|Any CPU
		{BE0C75EC-27FF-4403-A8BB-1A3C5AF2559E}.Release|x64.Build.0 = Release|Any CPU
		{BE0C75EC-27FF-4403-A8BB-1A3C5AF2559E}.Release|x86.ActiveCfg = Release|Any CPU
		{BE0C75EC-27FF-4403-A8BB-1A3C5AF2559E}.Release|x86.Build.0 = Release|Any CPU
		{43AB4352-C542-468A-808E-27E8CC1F29E1}.Debug|Any CPU.ActiveCfg = Debug|Any CPU
		{43AB4352-C542-468A-808E-27E8CC1F29E1}.Debug|Any CPU.Build.0 = Debug|Any CPU
		{43AB4352-C542-468A-808E-27E8CC1F29E1}.Debug|x64.ActiveCfg = Debug|Any CPU
		{43AB4352-C542-468A-808E-27E8CC1F29E1}.Debug|x64.Build.0 = Debug|Any CPU
		{43AB4352-C542-468A-808E-27E8CC1F29E1}.Debug|x86.ActiveCfg = Debug|Any CPU
		{43AB4352-C542-468A-808E-27E8CC1F29E1}.Debug|x86.Build.0 = Debug|Any CPU
		{43AB4352-C542-468A-808E-27E8CC1F29E1}.Release|Any CPU.ActiveCfg = Release|Any CPU
		{43AB4352-C542-468A-808E-27E8CC1F29E1}.Release|Any CPU.Build.0 = Release|Any CPU
		{43AB4352-C542-468A-808E-27E8CC1F29E1}.Release|x64.ActiveCfg = Release|Any CPU
		{43AB4352-C542-468A-808E-27E8CC1F29E1}.Release|x64.Build.0 = Release|Any CPU
		{43AB4352-C542-468A-808E-27E8CC1F29E1}.Release|x86.ActiveCfg = Release|Any CPU
		{43AB4352-C542-468A-808E-27E8CC1F29E1}.Release|x86.Build.0 = Release|Any CPU
		{8383ED3C-19D0-4653-A1A4-E86EE216386B}.Debug|Any CPU.ActiveCfg = Debug|Any CPU
		{8383ED3C-19D0-4653-A1A4-E86EE216386B}.Debug|Any CPU.Build.0 = Debug|Any CPU
		{8383ED3C-19D0-4653-A1A4-E86EE216386B}.Debug|x64.ActiveCfg = Debug|Any CPU
		{8383ED3C-19D0-4653-A1A4-E86EE216386B}.Debug|x64.Build.0 = Debug|Any CPU
		{8383ED3C-19D0-4653-A1A4-E86EE216386B}.Debug|x86.ActiveCfg = Debug|Any CPU
		{8383ED3C-19D0-4653-A1A4-E86EE216386B}.Debug|x86.Build.0 = Debug|Any CPU
		{8383ED3C-19D0-4653-A1A4-E86EE216386B}.Release|Any CPU.ActiveCfg = Release|Any CPU
		{8383ED3C-19D0-4653-A1A4-E86EE216386B}.Release|Any CPU.Build.0 = Release|Any CPU
		{8383ED3C-19D0-4653-A1A4-E86EE216386B}.Release|x64.ActiveCfg = Release|Any CPU
		{8383ED3C-19D0-4653-A1A4-E86EE216386B}.Release|x64.Build.0 = Release|Any CPU
		{8383ED3C-19D0-4653-A1A4-E86EE216386B}.Release|x86.ActiveCfg = Release|Any CPU
		{8383ED3C-19D0-4653-A1A4-E86EE216386B}.Release|x86.Build.0 = Release|Any CPU
		{B183E5AF-2372-4528-B8C5-F843A1B6325C}.Debug|Any CPU.ActiveCfg = Debug|Any CPU
		{B183E5AF-2372-4528-B8C5-F843A1B6325C}.Debug|Any CPU.Build.0 = Debug|Any CPU
		{B183E5AF-2372-4528-B8C5-F843A1B6325C}.Debug|x64.ActiveCfg = Debug|Any CPU
		{B183E5AF-2372-4528-B8C5-F843A1B6325C}.Debug|x64.Build.0 = Debug|Any CPU
		{B183E5AF-2372-4528-B8C5-F843A1B6325C}.Debug|x86.ActiveCfg = Debug|Any CPU
		{B183E5AF-2372-4528-B8C5-F843A1B6325C}.Debug|x86.Build.0 = Debug|Any CPU
		{B183E5AF-2372-4528-B8C5-F843A1B6325C}.Release|Any CPU.ActiveCfg = Release|Any CPU
		{B183E5AF-2372-4528-B8C5-F843A1B6325C}.Release|Any CPU.Build.0 = Release|Any CPU
		{B183E5AF-2372-4528-B8C5-F843A1B6325C}.Release|x64.ActiveCfg = Release|Any CPU
		{B183E5AF-2372-4528-B8C5-F843A1B6325C}.Release|x64.Build.0 = Release|Any CPU
		{B183E5AF-2372-4528-B8C5-F843A1B6325C}.Release|x86.ActiveCfg = Release|Any CPU
		{B183E5AF-2372-4528-B8C5-F843A1B6325C}.Release|x86.Build.0 = Release|Any CPU
	EndGlobalSection
	GlobalSection(SolutionProperties) = preSolution
		HideSolutionNode = FALSE
	EndGlobalSection
	GlobalSection(NestedProjects) = preSolution
		{02EA681E-C7D8-13C7-8484-4AC65E1B71E8} = {827E0CD3-B72D-47B6-A68D-7590B98EB39B}
		{00EA65AB-734E-4AAC-8C2D-4141D6A7AEA5} = {02EA681E-C7D8-13C7-8484-4AC65E1B71E8}
		{2C59E140-58BE-2575-EFA6-5EEF08D86238} = {827E0CD3-B72D-47B6-A68D-7590B98EB39B}
		{F9819A15-7472-73E6-8617-970AAE7DB4E7} = {00EA65AB-734E-4AAC-8C2D-4141D6A7AEA5}
		{120C1EA5-8648-42D6-3DD5-36D0D4E0EF2A} = {00EA65AB-734E-4AAC-8C2D-4141D6A7AEA5}
		{8CDD0B9B-2806-4AD1-996C-34C403148EAD} = {00EA65AB-734E-4AAC-8C2D-4141D6A7AEA5}
		{475CFD7A-F446-4786-A707-13CA42249DEA} = {00EA65AB-734E-4AAC-8C2D-4141D6A7AEA5}
		{FD869E73-00F9-46BE-B148-27823C46DFBF} = {00EA65AB-734E-4AAC-8C2D-4141D6A7AEA5}
		{A7DC0156-32F1-4CE0-A6BE-D7606B62DCCA} = {0AB3BF05-4346-4AA6-1389-037BE0695223}
		{B183E5AF-2372-4528-B8C5-F843A1B6325C} = {0AB3BF05-4346-4AA6-1389-037BE0695223}
		{2A0F6CDD-A3C1-8C60-E2D3-6EB0067A2A64} = {02EA681E-C7D8-13C7-8484-4AC65E1B71E8}
		{F4B1C80B-854C-49B4-BD06-B435F07AB244} = {02EA681E-C7D8-13C7-8484-4AC65E1B71E8}
		{4D75F4E1-7A5F-45C1-8A65-A653AF509E8B} = {02EA681E-C7D8-13C7-8484-4AC65E1B71E8}
		{5AD53011-93DA-4A72-95CF-59A5804A9340} = {02EA681E-C7D8-13C7-8484-4AC65E1B71E8}
		{1831E0B3-2D09-4C12-A8E7-E91996227864} = {02EA681E-C7D8-13C7-8484-4AC65E1B71E8}
		{A9DC36CE-1CE5-452C-A463-F4BC4A0FEA41} = {2A0F6CDD-A3C1-8C60-E2D3-6EB0067A2A64}
		{47CBA18C-70AD-4073-A761-7B91A72A535E} = {2A0F6CDD-A3C1-8C60-E2D3-6EB0067A2A64}
		{8716525A-222C-4864-9649-2E6A1D4D1EDC} = {2A0F6CDD-A3C1-8C60-E2D3-6EB0067A2A64}
		{C0BC5AC6-F0AB-4C7D-ADD6-B0F0C08F9B38} = {2A0F6CDD-A3C1-8C60-E2D3-6EB0067A2A64}
		{65F4B1F2-06B0-4A07-8ABB-5CF72301DA87} = {2A0F6CDD-A3C1-8C60-E2D3-6EB0067A2A64}
		{932482C1-E599-4284-B370-166E3D739C3F} = {F4B1C80B-854C-49B4-BD06-B435F07AB244}
		{F0D5E35E-06E9-4711-AED1-D1A9C3536156} = {F4B1C80B-854C-49B4-BD06-B435F07AB244}
		{830B1AD6-1CCA-4AA2-871E-1AB0BC55B504} = {F4B1C80B-854C-49B4-BD06-B435F07AB244}
		{467B8CA0-6935-4919-8E9A-07412FF21A77} = {F4B1C80B-854C-49B4-BD06-B435F07AB244}
		{1A314089-172B-4AD8-8E60-2B9E1FE65AE6} = {4D75F4E1-7A5F-45C1-8A65-A653AF509E8B}
		{7A29A9D4-4D0D-488F-82CE-B715037B0760} = {4D75F4E1-7A5F-45C1-8A65-A653AF509E8B}
		{13747D42-609E-466D-85F3-DA321BE98661} = {5AD53011-93DA-4A72-95CF-59A5804A9340}
		{57EC4D27-458F-41AA-8591-39D24664C84A} = {5AD53011-93DA-4A72-95CF-59A5804A9340}
		{01103086-CF31-4432-A998-29330944F9D2} = {5AD53011-93DA-4A72-95CF-59A5804A9340}
		{89385223-7BBE-4AE1-B056-05ED1EA8F3EE} = {1831E0B3-2D09-4C12-A8E7-E91996227864}
		{568011D2-4A50-4FA5-B69B-739915E08CC2} = {1831E0B3-2D09-4C12-A8E7-E91996227864}
		{BE0C75EC-27FF-4403-A8BB-1A3C5AF2559E} = {0AB3BF05-4346-4AA6-1389-037BE0695223}
		{43AB4352-C542-468A-808E-27E8CC1F29E1} = {0AB3BF05-4346-4AA6-1389-037BE0695223}
		{8383ED3C-19D0-4653-A1A4-E86EE216386B} = {0AB3BF05-4346-4AA6-1389-037BE0695223}
		{B183E5AF-2372-4528-B8C5-F843A1B6325C} = {0AB3BF05-4346-4AA6-1389-037BE0695223}
	EndGlobalSection
	GlobalSection(ExtensibilityGlobals) = postSolution
		SolutionGuid = {43ED4BFC-12F4-4F75-9B90-6FD4DE491AA4}
	EndGlobalSection
EndGlobal
